// !$*UTF8*$!
{
	archiveVersion = 1;
	classes = {
	};
	objectVersion = 46;
	objects = {

/* Begin PBXBuildFile section */
		9D894AED17FDBA6E0091841B /* Foundation.framework in Frameworks */ = {isa = PBXBuildFile; fileRef = 9D894AEC17FDBA6E0091841B /* Foundation.framework */; };
		9D894AEF17FDBA6E0091841B /* CoreGraphics.framework in Frameworks */ = {isa = PBXBuildFile; fileRef = 9D894AEE17FDBA6E0091841B /* CoreGraphics.framework */; };
		9D894AF117FDBA6E0091841B /* UIKit.framework in Frameworks */ = {isa = PBXBuildFile; fileRef = 9D894AF017FDBA6E0091841B /* UIKit.framework */; };
		9D894AF717FDBA6F0091841B /* InfoPlist.strings in Resources */ = {isa = PBXBuildFile; fileRef = 9D894AF517FDBA6F0091841B /* InfoPlist.strings */; };
		9D894AF917FDBA6F0091841B /* main.m in Sources */ = {isa = PBXBuildFile; fileRef = 9D894AF817FDBA6F0091841B /* main.m */; };
		9D894AFD17FDBA6F0091841B /* CPAppDelegate.m in Sources */ = {isa = PBXBuildFile; fileRef = 9D894AFC17FDBA6F0091841B /* CPAppDelegate.m */; };
		9D894B0017FDBA6F0091841B /* Main.storyboard in Resources */ = {isa = PBXBuildFile; fileRef = 9D894AFE17FDBA6F0091841B /* Main.storyboard */; };
		9D894B0317FDBA6F0091841B /* CPMasterViewController.m in Sources */ = {isa = PBXBuildFile; fileRef = 9D894B0217FDBA6F0091841B /* CPMasterViewController.m */; };
		9D894B0617FDBA6F0091841B /* CPDetailViewController.m in Sources */ = {isa = PBXBuildFile; fileRef = 9D894B0517FDBA6F0091841B /* CPDetailViewController.m */; };
		9D894B0817FDBA6F0091841B /* Images.xcassets in Resources */ = {isa = PBXBuildFile; fileRef = 9D894B0717FDBA6F0091841B /* Images.xcassets */; };
		9D894B0F17FDBA6F0091841B /* XCTest.framework in Frameworks */ = {isa = PBXBuildFile; fileRef = 9D894B0E17FDBA6F0091841B /* XCTest.framework */; };
		9D894B1017FDBA6F0091841B /* Foundation.framework in Frameworks */ = {isa = PBXBuildFile; fileRef = 9D894AEC17FDBA6E0091841B /* Foundation.framework */; };
		9D894B1117FDBA6F0091841B /* UIKit.framework in Frameworks */ = {isa = PBXBuildFile; fileRef = 9D894AF017FDBA6E0091841B /* UIKit.framework */; };
		9D894B1917FDBA6F0091841B /* InfoPlist.strings in Resources */ = {isa = PBXBuildFile; fileRef = 9D894B1717FDBA6F0091841B /* InfoPlist.strings */; };
		9D894B1B17FDBA6F0091841B /* TransitionsPlaygroundTests.m in Sources */ = {isa = PBXBuildFile; fileRef = 9D894B1A17FDBA6F0091841B /* TransitionsPlaygroundTests.m */; };
/* End PBXBuildFile section */

/* Begin PBXContainerItemProxy section */
		9D894B1217FDBA6F0091841B /* PBXContainerItemProxy */ = {
			isa = PBXContainerItemProxy;
			containerPortal = 9D894AE117FDBA6E0091841B /* Project object */;
			proxyType = 1;
			remoteGlobalIDString = 9D894AE817FDBA6E0091841B;
			remoteInfo = TransitionsPlayground;
		};
/* End PBXContainerItemProxy section */

/* Begin PBXFileReference section */
		9D894AE917FDBA6E0091841B /* TransitionsPlayground.app */ = {isa = PBXFileReference; explicitFileType = wrapper.application; includeInIndex = 0; path = TransitionsPlayground.app; sourceTree = BUILT_PRODUCTS_DIR; };
		9D894AEC17FDBA6E0091841B /* Foundation.framework */ = {isa = PBXFileReference; lastKnownFileType = wrapper.framework; name = Foundation.framework; path = System/Library/Frameworks/Foundation.framework; sourceTree = SDKROOT; };
		9D894AEE17FDBA6E0091841B /* CoreGraphics.framework */ = {isa = PBXFileReference; lastKnownFileType = wrapper.framework; name = CoreGraphics.framework; path = System/Library/Frameworks/CoreGraphics.framework; sourceTree = SDKROOT; };
		9D894AF017FDBA6E0091841B /* UIKit.framework */ = {isa = PBXFileReference; lastKnownFileType = wrapper.framework; name = UIKit.framework; path = System/Library/Frameworks/UIKit.framework; sourceTree = SDKROOT; };
		9D894AF417FDBA6F0091841B /* TransitionsPlayground-Info.plist */ = {isa = PBXFileReference; lastKnownFileType = text.plist.xml; path = "TransitionsPlayground-Info.plist"; sourceTree = "<group>"; };
		9D894AF617FDBA6F0091841B /* en */ = {isa = PBXFileReference; lastKnownFileType = text.plist.strings; name = en; path = en.lproj/InfoPlist.strings; sourceTree = "<group>"; };
		9D894AF817FDBA6F0091841B /* main.m */ = {isa = PBXFileReference; lastKnownFileType = sourcecode.c.objc; path = main.m; sourceTree = "<group>"; };
		9D894AFA17FDBA6F0091841B /* TransitionsPlayground-Prefix.pch */ = {isa = PBXFileReference; lastKnownFileType = sourcecode.c.h; path = "TransitionsPlayground-Prefix.pch"; sourceTree = "<group>"; };
		9D894AFB17FDBA6F0091841B /* CPAppDelegate.h */ = {isa = PBXFileReference; lastKnownFileType = sourcecode.c.h; path = CPAppDelegate.h; sourceTree = "<group>"; };
		9D894AFC17FDBA6F0091841B /* CPAppDelegate.m */ = {isa = PBXFileReference; lastKnownFileType = sourcecode.c.objc; path = CPAppDelegate.m; sourceTree = "<group>"; };
		9D894AFF17FDBA6F0091841B /* Base */ = {isa = PBXFileReference; lastKnownFileType = file.storyboard; name = Base; path = Base.lproj/Main.storyboard; sourceTree = "<group>"; };
		9D894B0117FDBA6F0091841B /* CPMasterViewController.h */ = {isa = PBXFileReference; lastKnownFileType = sourcecode.c.h; path = CPMasterViewController.h; sourceTree = "<group>"; };
		9D894B0217FDBA6F0091841B /* CPMasterViewController.m */ = {isa = PBXFileReference; lastKnownFileType = sourcecode.c.objc; path = CPMasterViewController.m; sourceTree = "<group>"; };
		9D894B0417FDBA6F0091841B /* CPDetailViewController.h */ = {isa = PBXFileReference; lastKnownFileType = sourcecode.c.h; path = CPDetailViewController.h; sourceTree = "<group>"; };
		9D894B0517FDBA6F0091841B /* CPDetailViewController.m */ = {isa = PBXFileReference; lastKnownFileType = sourcecode.c.objc; path = CPDetailViewController.m; sourceTree = "<group>"; };
		9D894B0717FDBA6F0091841B /* Images.xcassets */ = {isa = PBXFileReference; lastKnownFileType = folder.assetcatalog; path = Images.xcassets; sourceTree = "<group>"; };
		9D894B0D17FDBA6F0091841B /* TransitionsPlaygroundTests.xctest */ = {isa = PBXFileReference; explicitFileType = wrapper.cfbundle; includeInIndex = 0; path = TransitionsPlaygroundTests.xctest; sourceTree = BUILT_PRODUCTS_DIR; };
		9D894B0E17FDBA6F0091841B /* XCTest.framework */ = {isa = PBXFileReference; lastKnownFileType = wrapper.framework; name = XCTest.framework; path = Library/Frameworks/XCTest.framework; sourceTree = DEVELOPER_DIR; };
		9D894B1617FDBA6F0091841B /* TransitionsPlaygroundTests-Info.plist */ = {isa = PBXFileReference; lastKnownFileType = text.plist.xml; path = "TransitionsPlaygroundTests-Info.plist"; sourceTree = "<group>"; };
		9D894B1817FDBA6F0091841B /* en */ = {isa = PBXFileReference; lastKnownFileType = text.plist.strings; name = en; path = en.lproj/InfoPlist.strings; sourceTree = "<group>"; };
		9D894B1A17FDBA6F0091841B /* TransitionsPlaygroundTests.m */ = {isa = PBXFileReference; lastKnownFileType = sourcecode.c.objc; path = TransitionsPlaygroundTests.m; sourceTree = "<group>"; };
/* End PBXFileReference section */

/* Begin PBXFrameworksBuildPhase section */
		9D894AE617FDBA6E0091841B /* Frameworks */ = {
			isa = PBXFrameworksBuildPhase;
			buildActionMask = 2147483647;
			files = (
				9D894AEF17FDBA6E0091841B /* CoreGraphics.framework in Frameworks */,
				9D894AF117FDBA6E0091841B /* UIKit.framework in Frameworks */,
				9D894AED17FDBA6E0091841B /* Foundation.framework in Frameworks */,
			);
			runOnlyForDeploymentPostprocessing = 0;
		};
		9D894B0A17FDBA6F0091841B /* Frameworks */ = {
			isa = PBXFrameworksBuildPhase;
			buildActionMask = 2147483647;
			files = (
				9D894B0F17FDBA6F0091841B /* XCTest.framework in Frameworks */,
				9D894B1117FDBA6F0091841B /* UIKit.framework in Frameworks */,
				9D894B1017FDBA6F0091841B /* Foundation.framework in Frameworks */,
			);
			runOnlyForDeploymentPostprocessing = 0;
		};
/* End PBXFrameworksBuildPhase section */

/* Begin PBXGroup section */
		9D894AE017FDBA6E0091841B = {
			isa = PBXGroup;
			children = (
				9D894AF217FDBA6F0091841B /* TransitionsPlayground */,
				9D894B1417FDBA6F0091841B /* TransitionsPlaygroundTests */,
				9D894AEB17FDBA6E0091841B /* Frameworks */,
				9D894AEA17FDBA6E0091841B /* Products */,
			);
			sourceTree = "<group>";
		};
		9D894AEA17FDBA6E0091841B /* Products */ = {
			isa = PBXGroup;
			children = (
				9D894AE917FDBA6E0091841B /* TransitionsPlayground.app */,
				9D894B0D17FDBA6F0091841B /* TransitionsPlaygroundTests.xctest */,
			);
			name = Products;
			sourceTree = "<group>";
		};
		9D894AEB17FDBA6E0091841B /* Frameworks */ = {
			isa = PBXGroup;
			children = (
				9D894AEC17FDBA6E0091841B /* Foundation.framework */,
				9D894AEE17FDBA6E0091841B /* CoreGraphics.framework */,
				9D894AF017FDBA6E0091841B /* UIKit.framework */,
				9D894B0E17FDBA6F0091841B /* XCTest.framework */,
			);
			name = Frameworks;
			sourceTree = "<group>";
		};
		9D894AF217FDBA6F0091841B /* TransitionsPlayground */ = {
			isa = PBXGroup;
			children = (
				9D894AFB17FDBA6F0091841B /* CPAppDelegate.h */,
				9D894AFC17FDBA6F0091841B /* CPAppDelegate.m */,
				9D894AFE17FDBA6F0091841B /* Main.storyboard */,
				9D894B0117FDBA6F0091841B /* CPMasterViewController.h */,
				9D894B0217FDBA6F0091841B /* CPMasterViewController.m */,
				9D894B0417FDBA6F0091841B /* CPDetailViewController.h */,
				9D894B0517FDBA6F0091841B /* CPDetailViewController.m */,
				9D894B0717FDBA6F0091841B /* Images.xcassets */,
				9D894AF317FDBA6F0091841B /* Supporting Files */,
			);
			path = TransitionsPlayground;
			sourceTree = "<group>";
		};
		9D894AF317FDBA6F0091841B /* Supporting Files */ = {
			isa = PBXGroup;
			children = (
				9D894AF417FDBA6F0091841B /* TransitionsPlayground-Info.plist */,
				9D894AF517FDBA6F0091841B /* InfoPlist.strings */,
				9D894AF817FDBA6F0091841B /* main.m */,
				9D894AFA17FDBA6F0091841B /* TransitionsPlayground-Prefix.pch */,
			);
			name = "Supporting Files";
			sourceTree = "<group>";
		};
		9D894B1417FDBA6F0091841B /* TransitionsPlaygroundTests */ = {
			isa = PBXGroup;
			children = (
				9D894B1A17FDBA6F0091841B /* TransitionsPlaygroundTests.m */,
				9D894B1517FDBA6F0091841B /* Supporting Files */,
			);
			path = TransitionsPlaygroundTests;
			sourceTree = "<group>";
		};
		9D894B1517FDBA6F0091841B /* Supporting Files */ = {
			isa = PBXGroup;
			children = (
				9D894B1617FDBA6F0091841B /* TransitionsPlaygroundTests-Info.plist */,
				9D894B1717FDBA6F0091841B /* InfoPlist.strings */,
			);
			name = "Supporting Files";
			sourceTree = "<group>";
		};
/* End PBXGroup section */

/* Begin PBXNativeTarget section */
		9D894AE817FDBA6E0091841B /* TransitionsPlayground */ = {
			isa = PBXNativeTarget;
			buildConfigurationList = 9D894B1E17FDBA6F0091841B /* Build configuration list for PBXNativeTarget "TransitionsPlayground" */;
			buildPhases = (
				9D894AE517FDBA6E0091841B /* Sources */,
				9D894AE617FDBA6E0091841B /* Frameworks */,
				9D894AE717FDBA6E0091841B /* Resources */,
			);
			buildRules = (
			);
			dependencies = (
			);
			name = TransitionsPlayground;
			productName = TransitionsPlayground;
			productReference = 9D894AE917FDBA6E0091841B /* TransitionsPlayground.app */;
			productType = "com.apple.product-type.application";
		};
		9D894B0C17FDBA6F0091841B /* TransitionsPlaygroundTests */ = {
			isa = PBXNativeTarget;
			buildConfigurationList = 9D894B2117FDBA6F0091841B /* Build configuration list for PBXNativeTarget "TransitionsPlaygroundTests" */;
			buildPhases = (
				9D894B0917FDBA6F0091841B /* Sources */,
				9D894B0A17FDBA6F0091841B /* Frameworks */,
				9D894B0B17FDBA6F0091841B /* Resources */,
			);
			buildRules = (
			);
			dependencies = (
				9D894B1317FDBA6F0091841B /* PBXTargetDependency */,
			);
			name = TransitionsPlaygroundTests;
			productName = TransitionsPlaygroundTests;
			productReference = 9D894B0D17FDBA6F0091841B /* TransitionsPlaygroundTests.xctest */;
			productType = "com.apple.product-type.bundle.unit-test";
		};
/* End PBXNativeTarget section */

/* Begin PBXProject section */
		9D894AE117FDBA6E0091841B /* Project object */ = {
			isa = PBXProject;
			attributes = {
				CLASSPREFIX = CP;
				LastUpgradeCheck = 0500;
				ORGANIZATIONNAME = "Chris Patterson";
				TargetAttributes = {
					9D894B0C17FDBA6F0091841B = {
						TestTargetID = 9D894AE817FDBA6E0091841B;
					};
				};
			};
			buildConfigurationList = 9D894AE417FDBA6E0091841B /* Build configuration list for PBXProject "TransitionsPlayground" */;
			compatibilityVersion = "Xcode 3.2";
			developmentRegion = English;
			hasScannedForEncodings = 0;
			knownRegions = (
				en,
				Base,
			);
			mainGroup = 9D894AE017FDBA6E0091841B;
			productRefGroup = 9D894AEA17FDBA6E0091841B /* Products */;
			projectDirPath = "";
			projectRoot = "";
			targets = (
				9D894AE817FDBA6E0091841B /* TransitionsPlayground */,
				9D894B0C17FDBA6F0091841B /* TransitionsPlaygroundTests */,
			);
		};
/* End PBXProject section */

/* Begin PBXResourcesBuildPhase section */
		9D894AE717FDBA6E0091841B /* Resources */ = {
			isa = PBXResourcesBuildPhase;
			buildActionMask = 2147483647;
			files = (
				9D894B0817FDBA6F0091841B /* Images.xcassets in Resources */,
				9D894AF717FDBA6F0091841B /* InfoPlist.strings in Resources */,
				9D894B0017FDBA6F0091841B /* Main.storyboard in Resources */,
			);
			runOnlyForDeploymentPostprocessing = 0;
		};
		9D894B0B17FDBA6F0091841B /* Resources */ = {
			isa = PBXResourcesBuildPhase;
			buildActionMask = 2147483647;
			files = (
				9D894B1917FDBA6F0091841B /* InfoPlist.strings in Resources */,
			);
			runOnlyForDeploymentPostprocessing = 0;
		};
/* End PBXResourcesBuildPhase section */

/* Begin PBXSourcesBuildPhase section */
		9D894AE517FDBA6E0091841B /* Sources */ = {
			isa = PBXSourcesBuildPhase;
			buildActionMask = 2147483647;
			files = (
				9D894B0617FDBA6F0091841B /* CPDetailViewController.m in Sources */,
				9D894B0317FDBA6F0091841B /* CPMasterViewController.m in Sources */,
				9D894AF917FDBA6F0091841B /* main.m in Sources */,
				9D894AFD17FDBA6F0091841B /* CPAppDelegate.m in Sources */,
			);
			runOnlyForDeploymentPostprocessing = 0;
		};
		9D894B0917FDBA6F0091841B /* Sources */ = {
			isa = PBXSourcesBuildPhase;
			buildActionMask = 2147483647;
			files = (
				9D894B1B17FDBA6F0091841B /* TransitionsPlaygroundTests.m in Sources */,
			);
			runOnlyForDeploymentPostprocessing = 0;
		};
/* End PBXSourcesBuildPhase section */

/* Begin PBXTargetDependency section */
		9D894B1317FDBA6F0091841B /* PBXTargetDependency */ = {
			isa = PBXTargetDependency;
			target = 9D894AE817FDBA6E0091841B /* TransitionsPlayground */;
			targetProxy = 9D894B1217FDBA6F0091841B /* PBXContainerItemProxy */;
		};
/* End PBXTargetDependency section */

/* Begin PBXVariantGroup section */
		9D894AF517FDBA6F0091841B /* InfoPlist.strings */ = {
			isa = PBXVariantGroup;
			children = (
				9D894AF617FDBA6F0091841B /* en */,
			);
			name = InfoPlist.strings;
			sourceTree = "<group>";
		};
		9D894AFE17FDBA6F0091841B /* Main.storyboard */ = {
			isa = PBXVariantGroup;
			children = (
				9D894AFF17FDBA6F0091841B /* Base */,
			);
			name = Main.storyboard;
			sourceTree = "<group>";
		};
		9D894B1717FDBA6F0091841B /* InfoPlist.strings */ = {
			isa = PBXVariantGroup;
			children = (
				9D894B1817FDBA6F0091841B /* en */,
			);
			name = InfoPlist.strings;
			sourceTree = "<group>";
		};
/* End PBXVariantGroup section */

/* Begin XCBuildConfiguration section */
		9D894B1C17FDBA6F0091841B /* Debug */ = {
			isa = XCBuildConfiguration;
			buildSettings = {
				ALWAYS_SEARCH_USER_PATHS = NO;
				ARCHS = "$(ARCHS_STANDARD_INCLUDING_64_BIT)";
				CLANG_CXX_LANGUAGE_STANDARD = "gnu++0x";
				CLANG_CXX_LIBRARY = "libc++";
				CLANG_ENABLE_MODULES = YES;
				CLANG_ENABLE_OBJC_ARC = YES;
				CLANG_WARN_BOOL_CONVERSION = YES;
				CLANG_WARN_CONSTANT_CONVERSION = YES;
				CLANG_WARN_DIRECT_OBJC_ISA_USAGE = YES_ERROR;
				CLANG_WARN_EMPTY_BODY = YES;
				CLANG_WARN_ENUM_CONVERSION = YES;
				CLANG_WARN_INT_CONVERSION = YES;
				CLANG_WARN_OBJC_ROOT_CLASS = YES_ERROR;
				CLANG_WARN__DUPLICATE_METHOD_MATCH = YES;
				"CODE_SIGN_IDENTITY[sdk=iphoneos*]" = "iPhone Developer";
				COPY_PHASE_STRIP = NO;
				GCC_C_LANGUAGE_STANDARD = gnu99;
				GCC_DYNAMIC_NO_PIC = NO;
				GCC_OPTIMIZATION_LEVEL = 0;
				GCC_PREPROCESSOR_DEFINITIONS = (
					"DEBUG=1",
					"$(inherited)",
				);
				GCC_SYMBOLS_PRIVATE_EXTERN = NO;
				GCC_WARN_64_TO_32_BIT_CONVERSION = YES;
				GCC_WARN_ABOUT_RETURN_TYPE = YES_ERROR;
				GCC_WARN_UNDECLARED_SELECTOR = YES;
				GCC_WARN_UNINITIALIZED_AUTOS = YES;
				GCC_WARN_UNUSED_FUNCTION = YES;
				GCC_WARN_UNUSED_VARIABLE = YES;
				IPHONEOS_DEPLOYMENT_TARGET = 7.0;
				ONLY_ACTIVE_ARCH = YES;
				SDKROOT = iphoneos;
			};
			name = Debug;
		};
		9D894B1D17FDBA6F0091841B /* Release */ = {
			isa = XCBuildConfiguration;
			buildSettings = {
				ALWAYS_SEARCH_USER_PATHS = NO;
				ARCHS = "$(ARCHS_STANDARD_INCLUDING_64_BIT)";
				CLANG_CXX_LANGUAGE_STANDARD = "gnu++0x";
				CLANG_CXX_LIBRARY = "libc++";
				CLANG_ENABLE_MODULES = YES;
				CLANG_ENABLE_OBJC_ARC = YES;
				CLANG_WARN_BOOL_CONVERSION = YES;
				CLANG_WARN_CONSTANT_CONVERSION = YES;
				CLANG_WARN_DIRECT_OBJC_ISA_USAGE = YES_ERROR;
				CLANG_WARN_EMPTY_BODY = YES;
				CLANG_WARN_ENUM_CONVERSION = YES;
				CLANG_WARN_INT_CONVERSION = YES;
				CLANG_WARN_OBJC_ROOT_CLASS = YES_ERROR;
				CLANG_WARN__DUPLICATE_METHOD_MATCH = YES;
				"CODE_SIGN_IDENTITY[sdk=iphoneos*]" = "iPhone Developer";
				COPY_PHASE_STRIP = YES;
				ENABLE_NS_ASSERTIONS = NO;
				GCC_C_LANGUAGE_STANDARD = gnu99;
				GCC_WARN_64_TO_32_BIT_CONVERSION = YES;
				GCC_WARN_ABOUT_RETURN_TYPE = YES_ERROR;
				GCC_WARN_UNDECLARED_SELECTOR = YES;
				GCC_WARN_UNINITIALIZED_AUTOS = YES;
				GCC_WARN_UNUSED_FUNCTION = YES;
				GCC_WARN_UNUSED_VARIABLE = YES;
				IPHONEOS_DEPLOYMENT_TARGET = 7.0;
				SDKROOT = iphoneos;
				VALIDATE_PRODUCT = YES;
			};
			name = Release;
		};
		9D894B1F17FDBA6F0091841B /* Debug */ = {
			isa = XCBuildConfiguration;
			buildSettings = {
				ASSETCATALOG_COMPILER_APPICON_NAME = AppIcon;
				ASSETCATALOG_COMPILER_LAUNCHIMAGE_NAME = LaunchImage;
				GCC_PRECOMPILE_PREFIX_HEADER = YES;
				GCC_PREFIX_HEADER = "TransitionsPlayground/TransitionsPlayground-Prefix.pch";
				INFOPLIST_FILE = "TransitionsPlayground/TransitionsPlayground-Info.plist";
				PRODUCT_NAME = "$(TARGET_NAME)";
				WRAPPER_EXTENSION = app;
			};
			name = Debug;
		};
		9D894B2017FDBA6F0091841B /* Release */ = {
			isa = XCBuildConfiguration;
			buildSettings = {
				ASSETCATALOG_COMPILER_APPICON_NAME = AppIcon;
				ASSETCATALOG_COMPILER_LAUNCHIMAGE_NAME = LaunchImage;
				GCC_PRECOMPILE_PREFIX_HEADER = YES;
				GCC_PREFIX_HEADER = "TransitionsPlayground/TransitionsPlayground-Prefix.pch";
				INFOPLIST_FILE = "TransitionsPlayground/TransitionsPlayground-Info.plist";
				PRODUCT_NAME = "$(TARGET_NAME)";
				WRAPPER_EXTENSION = app;
			};
			name = Release;
		};
		9D894B2217FDBA6F0091841B /* Debug */ = {
			isa = XCBuildConfiguration;
			buildSettings = {
				ARCHS = "$(ARCHS_STANDARD_INCLUDING_64_BIT)";
				BUNDLE_LOADER = "$(BUILT_PRODUCTS_DIR)/TransitionsPlayground.app/TransitionsPlayground";
				FRAMEWORK_SEARCH_PATHS = (
					"$(SDKROOT)/Developer/Library/Frameworks",
					"$(inherited)",
					"$(DEVELOPER_FRAMEWORKS_DIR)",
				);
				GCC_PRECOMPILE_PREFIX_HEADER = YES;
				GCC_PREFIX_HEADER = "TransitionsPlayground/TransitionsPlayground-Prefix.pch";
				GCC_PREPROCESSOR_DEFINITIONS = (
					"DEBUG=1",
					"$(inherited)",
				);
				INFOPLIST_FILE = "TransitionsPlaygroundTests/TransitionsPlaygroundTests-Info.plist";
				PRODUCT_NAME = "$(TARGET_NAME)";
				TEST_HOST = "$(BUNDLE_LOADER)";
				WRAPPER_EXTENSION = xctest;
			};
			name = Debug;
		};
		9D894B2317FDBA6F0091841B /* Release */ = {
			isa = XCBuildConfiguration;
			buildSettings = {
				ARCHS = "$(ARCHS_STANDARD_INCLUDING_64_BIT)";
				BUNDLE_LOADER = "$(BUILT_PRODUCTS_DIR)/TransitionsPlayground.app/TransitionsPlayground";
				FRAMEWORK_SEARCH_PATHS = (
					"$(SDKROOT)/Developer/Library/Frameworks",
					"$(inherited)",
					"$(DEVELOPER_FRAMEWORKS_DIR)",
				);
				GCC_PRECOMPILE_PREFIX_HEADER = YES;
				GCC_PREFIX_HEADER = "TransitionsPlayground/TransitionsPlayground-Prefix.pch";
				INFOPLIST_FILE = "TransitionsPlaygroundTests/TransitionsPlaygroundTests-Info.plist";
				PRODUCT_NAME = "$(TARGET_NAME)";
				TEST_HOST = "$(BUNDLE_LOADER)";
				WRAPPER_EXTENSION = xctest;
			};
			name = Release;
		};
/* End XCBuildConfiguration section */

/* Begin XCConfigurationList section */
		9D894AE417FDBA6E0091841B /* Build configuration list for PBXProject "TransitionsPlayground" */ = {
			isa = XCConfigurationList;
			buildConfigurations = (
				9D894B1C17FDBA6F0091841B /* Debug */,
				9D894B1D17FDBA6F0091841B /* Release */,
			);
			defaultConfigurationIsVisible = 0;
			defaultConfigurationName = Release;
		};
		9D894B1E17FDBA6F0091841B /* Build configuration list for PBXNativeTarget "TransitionsPlayground" */ = {
			isa = XCConfigurationList;
			buildConfigurations = (
				9D894B1F17FDBA6F0091841B /* Debug */,
				9D894B2017FDBA6F0091841B /* Release */,
			);
			defaultConfigurationIsVisible = 0;
		};
		9D894B2117FDBA6F0091841B /* Build configuration list for PBXNativeTarget "TransitionsPlaygroundTests" */ = {
			isa = XCConfigurationList;
			buildConfigurations = (
				9D894B2217FDBA6F0091841B /* Debug */,
				9D894B2317FDBA6F0091841B /* Release */,
			);
			defaultConfigurationIsVisible = 0;
		};
/* End XCConfigurationList section */
	};
	rootObject = 9D894AE117FDBA6E0091841B /* Project object */;
}
